
Microsoft Visual Studio Solution File, Format Version 11.00
# Visual C# Express 2010
Project("{FAE04EC0-301F-11D3-BF4B-00C04F79EFBC}") = "Racer", "Racer\Racer\Racer.csproj", "{34C2A43E-6C66-422D-9360-C74261CE5D4A}"
EndProject
Project("{96E2B04D-8817-42C6-938A-82C39BA4D311}") = "RacerContent", "Racer\RacerContent\RacerContent.contentproj", "{41B611A4-080E-46CB-8DC0-C474F23593AF}"
EndProject
Global
	GlobalSection(SolutionConfigurationPlatforms) = preSolution
		Debug|x86 = Debug|x86
		Release|x86 = Release|x86
	EndGlobalSection
	GlobalSection(ProjectConfigurationPlatforms) = postSolution
		{34C2A43E-6C66-422D-9360-C74261CE5D4A}.Debug|x86.ActiveCfg = Debug|x86
		{34C2A43E-6C66-422D-9360-C74261CE5D4A}.Debug|x86.Build.0 = Debug|x86
		{34C2A43E-6C66-422D-9360-C74261CE5D4A}.Release|x86.ActiveCfg = Release|x86
		{34C2A43E-6C66-422D-9360-C74261CE5D4A}.Release|x86.Build.0 = Release|x86
		{41B611A4-080E-46CB-8DC0-C474F23593AF}.Debug|x86.ActiveCfg = Debug|x86
		{41B611A4-080E-46CB-8DC0-C474F23593AF}.Release|x86.ActiveCfg = Release|x86
	EndGlobalSection
	GlobalSection(SolutionProperties) = preSolution
		HideSolutionNode = FALSE
	EndGlobalSection
EndGlobal
